
Microsoft Visual Studio Solution File, Format Version 12.00
# Visual Studio Version 17
VisualStudioVersion = 17.2.32616.157
MinimumVisualStudioVersion = 10.0.40219.1
Project("{FAE04EC0-301F-11D3-BF4B-00C04F79EFBC}") = "BootCamp.WebAPI", "BootCamp.WebAPI\BootCamp.WebAPI.csproj", "{1D60BCCB-F59A-46A7-A73F-9DBF628D53A5}"
EndProject
Global
	GlobalSection(SolutionConfigurationPlatforms) = preSolution
		Debug|Any CPU = Debug|Any CPU
		Release|Any CPU = Release|Any CPU
	EndGlobalSection
	GlobalSection(ProjectConfigurationPlatforms) = postSolution
		{1D60BCCB-F59A-46A7-A73F-9DBF628D53A5}.Debug|Any CPU.ActiveCfg = Debug|Any CPU
		{1D60BCCB-F59A-46A7-A73F-9DBF628D53A5}.Debug|Any CPU.Build.0 = Debug|Any CPU
		{1D60BCCB-F59A-46A7-A73F-9DBF628D53A5}.Release|Any CPU.ActiveCfg = Release|Any CPU
		{1D60BCCB-F59A-46A7-A73F-9DBF628D53A5}.Release|Any CPU.Build.0 = Release|Any CPU
	EndGlobalSection
	GlobalSection(SolutionProperties) = preSolution
		HideSolutionNode = FALSE
	EndGlobalSection
	GlobalSection(ExtensibilityGlobals) = postSolution
		SolutionGuid = {EDCB1A72-24F5-41F3-AA6A-03B2154AB9EB}
	EndGlobalSection
EndGlobal
